
Microsoft Visual Studio Solution File, Format Version 12.00
# Visual Studio Version 17
VisualStudioVersion = 17.11.35327.3
MinimumVisualStudioVersion = 10.0.40219.1
Project("{2150E333-8FDC-42A3-9474-1A3956D46DE8}") = "Services", "Services", "{F3007325-DF8E-4853-A8C0-0BA50A4C2C99}"
EndProject
Project("{2150E333-8FDC-42A3-9474-1A3956D46DE8}") = "Catalog", "Catalog", "{B05C64FD-9DAF-4821-BABD-9F20EA340068}"
EndProject
Project("{9A19103F-16F7-4668-BE54-9A1E7A4F7556}") = "Catalog.API", "Services\Catalog\Catalog.API\Catalog.API.csproj", "{902A1B59-1F36-41D9-9C14-6869AEB3F69A}"
EndProject
Project("{2150E333-8FDC-42A3-9474-1A3956D46DE8}") = "BuildingBlocks", "BuildingBlocks", "{03C9DF0D-70F9-43AA-84A7-48F8C601134E}"
EndProject
Project("{9A19103F-16F7-4668-BE54-9A1E7A4F7556}") = "BuildingBlocks", "BuildingBlocks\BuildingBlocks\BuildingBlocks.csproj", "{01E693EB-A137-4C4A-AA62-24EF5F8D9A6D}"
EndProject
Project("{E53339B2-1760-4266-BCC7-CA923CBCF16C}") = "docker-compose", "docker-compose.dcproj", "{95C24C83-4A76-4F5B-9412-24E236C25CA8}"
EndProject
Project("{2150E333-8FDC-42A3-9474-1A3956D46DE8}") = "Basket", "Basket", "{02EA681E-C7D8-13C7-8484-4AC65E1B71E8}"
EndProject
Project("{FAE04EC0-301F-11D3-BF4B-00C04F79EFBC}") = "Basket.API", "Services\Basket\Basket.API\Basket.API.csproj", "{668AB03E-0A51-42A8-8EEC-2F8985D247D2}"
EndProject
Global
	GlobalSection(SolutionConfigurationPlatforms) = preSolution
		Debug|Any CPU = Debug|Any CPU
		Release|Any CPU = Release|Any CPU
	EndGlobalSection
	GlobalSection(ProjectConfigurationPlatforms) = postSolution
		{902A1B59-1F36-41D9-9C14-6869AEB3F69A}.Debug|Any CPU.ActiveCfg = Debug|Any CPU
		{902A1B59-1F36-41D9-9C14-6869AEB3F69A}.Debug|Any CPU.Build.0 = Debug|Any CPU
		{902A1B59-1F36-41D9-9C14-6869AEB3F69A}.Release|Any CPU.ActiveCfg = Release|Any CPU
		{902A1B59-1F36-41D9-9C14-6869AEB3F69A}.Release|Any CPU.Build.0 = Release|Any CPU
		{01E693EB-A137-4C4A-AA62-24EF5F8D9A6D}.Debug|Any CPU.ActiveCfg = Debug|Any CPU
		{01E693EB-A137-4C4A-AA62-24EF5F8D9A6D}.Debug|Any CPU.Build.0 = Debug|Any CPU
		{01E693EB-A137-4C4A-AA62-24EF5F8D9A6D}.Release|Any CPU.ActiveCfg = Release|Any CPU
		{01E693EB-A137-4C4A-AA62-24EF5F8D9A6D}.Release|Any CPU.Build.0 = Release|Any CPU
		{95C24C83-4A76-4F5B-9412-24E236C25CA8}.Debug|Any CPU.ActiveCfg = Debug|Any CPU
		{95C24C83-4A76-4F5B-9412-24E236C25CA8}.Debug|Any CPU.Build.0 = Debug|Any CPU
		{95C24C83-4A76-4F5B-9412-24E236C25CA8}.Release|Any CPU.ActiveCfg = Release|Any CPU
		{95C24C83-4A76-4F5B-9412-24E236C25CA8}.Release|Any CPU.Build.0 = Release|Any CPU
		{668AB03E-0A51-42A8-8EEC-2F8985D247D2}.Debug|Any CPU.ActiveCfg = Debug|Any CPU
		{668AB03E-0A51-42A8-8EEC-2F8985D247D2}.Debug|Any CPU.Build.0 = Debug|Any CPU
		{668AB03E-0A51-42A8-8EEC-2F8985D247D2}.Release|Any CPU.ActiveCfg = Release|Any CPU
		{668AB03E-0A51-42A8-8EEC-2F8985D247D2}.Release|Any CPU.Build.0 = Release|Any CPU
	EndGlobalSection
	GlobalSection(SolutionProperties) = preSolution
		HideSolutionNode = FALSE
	EndGlobalSection
	GlobalSection(NestedProjects) = preSolution
		{B05C64FD-9DAF-4821-BABD-9F20EA340068} = {F3007325-DF8E-4853-A8C0-0BA50A4C2C99}
		{902A1B59-1F36-41D9-9C14-6869AEB3F69A} = {B05C64FD-9DAF-4821-BABD-9F20EA340068}
		{01E693EB-A137-4C4A-AA62-24EF5F8D9A6D} = {03C9DF0D-70F9-43AA-84A7-48F8C601134E}
		{02EA681E-C7D8-13C7-8484-4AC65E1B71E8} = {F3007325-DF8E-4853-A8C0-0BA50A4C2C99}
		{668AB03E-0A51-42A8-8EEC-2F8985D247D2} = {02EA681E-C7D8-13C7-8484-4AC65E1B71E8}
	EndGlobalSection
	GlobalSection(ExtensibilityGlobals) = postSolution
		SolutionGuid = {8917271D-622A-4D8E-9717-E13CCFBDA74C}
	EndGlobalSection
EndGlobal
